
Microsoft Visual Studio Solution File, Format Version 12.00
# Visual Studio Version 17
VisualStudioVersion = 17.5.002.0
MinimumVisualStudioVersion = 10.0.40219.1
Project("{9A19103F-16F7-4668-BE54-9A1E7A4F7556}") = "dotnet-todos", "dotnet-todos.csproj", "{7FA3D4E5-B388-4051-9EB4-605F3F88C549}"
EndProject
Global
	GlobalSection(SolutionConfigurationPlatforms) = preSolution
		Debug|Any CPU = Debug|Any CPU
		Release|Any CPU = Release|Any CPU
	EndGlobalSection
	GlobalSection(ProjectConfigurationPlatforms) = postSolution
		{7FA3D4E5-B388-4051-9EB4-605F3F88C549}.Debug|Any CPU.ActiveCfg = Debug|Any CPU
		{7FA3D4E5-B388-4051-9EB4-605F3F88C549}.Debug|Any CPU.Build.0 = Debug|Any CPU
		{7FA3D4E5-B388-4051-9EB4-605F3F88C549}.Release|Any CPU.ActiveCfg = Release|Any CPU
		{7FA3D4E5-B388-4051-9EB4-605F3F88C549}.Release|Any CPU.Build.0 = Release|Any CPU
	EndGlobalSection
	GlobalSection(SolutionProperties) = preSolution
		HideSolutionNode = FALSE
	EndGlobalSection
	GlobalSection(ExtensibilityGlobals) = postSolution
		SolutionGuid = {8FDEC4FF-AD52-4734-B78D-6A3FCF75BE70}
	EndGlobalSection
EndGlobal
